<?xml version="1.0" encoding="utf-8"?>
<Project ToolsVersion="4.0" xmlns="http://schemas.microsoft.com/developer/msbuild/2003">
  <ItemGroup>
    <ClInclude Include="dbhelper\dbHelper.h">
      <Filter>dbhelper</Filter>
    </ClInclude>
    <ClInclude Include="baseMessageHandler.h" />
    <ClInclude Include="common.h" />
    <ClInclude Include="dbAsync.h" />
    <ClInclude Include="genObjectID.h" />
    <ClInclude Include="innerDefined.h" />
    <ClInclude Include="serverConfig.h" />
    <ClInclude Include="single.h" />
    <ClInclude Include="tinyxml2.h" />
  </ItemGroup>
  <ItemGroup>
    <ClCompile Include="dbhelper\dbHelper.cpp">
      <Filter>dbhelper</Filter>
    </ClCompile>
    <ClCompile Include="dbAsync.cpp" />
    <ClCompile Include="serverConfig.cpp" />
    <ClCompile Include="tinyxml2.cpp" />
  </ItemGroup>
  <ItemGroup>
    <Filter Include="dbhelper">
      <UniqueIdentifier>{37712797-5d3e-47d5-a0ac-8e5567e84c3c}</UniqueIdentifier>
    </Filter>
  </ItemGroup>
</Project>