<?xml version="1.0" encoding="utf-8"?>
<Project ToolsVersion="4.0" xmlns="http://schemas.microsoft.com/developer/msbuild/2003">
  <ItemGroup>
    <ClInclude Include="BaseHander.h" />
    <ClInclude Include="ServerConfig.h" />
    <ClInclude Include="tinyxml2.h" />
    <ClInclude Include="DBClient.h" />
    <ClInclude Include="GenObjectID.h" />
    <ClInclude Include="InnerTypeDefine.h" />
    <ClInclude Include="Common.h" />
  </ItemGroup>
  <ItemGroup>
    <ClCompile Include="ServerConfig.cpp" />
    <ClCompile Include="tinyxml2.cpp" />
    <ClCompile Include="DBClient.cpp" />
  </ItemGroup>
</Project>