<?xml version="1.0" encoding="utf-8"?>
<Project ToolsVersion="4.0" xmlns="http://schemas.microsoft.com/developer/msbuild/2003">
  <ItemGroup>
    <ClInclude Include="common.h" />
    <ClInclude Include="dbAsync.h" />
    <ClInclude Include="single.h" />
    <ClInclude Include="md5\md5.h">
      <Filter>md5</Filter>
    </ClInclude>
    <ClInclude Include="defined.h" />
    <ClInclude Include="genID.h" />
    <ClInclude Include="lua\fpconv.h">
      <Filter>lua</Filter>
    </ClInclude>
    <ClInclude Include="lua\lapi.h">
      <Filter>lua</Filter>
    </ClInclude>
    <ClInclude Include="lua\lauxlib.h">
      <Filter>lua</Filter>
    </ClInclude>
    <ClInclude Include="lua\lcode.h">
      <Filter>lua</Filter>
    </ClInclude>
    <ClInclude Include="lua\lctype.h">
      <Filter>lua</Filter>
    </ClInclude>
    <ClInclude Include="lua\ldebug.h">
      <Filter>lua</Filter>
    </ClInclude>
    <ClInclude Include="lua\ldo.h">
      <Filter>lua</Filter>
    </ClInclude>
    <ClInclude Include="lua\lfunc.h">
      <Filter>lua</Filter>
    </ClInclude>
    <ClInclude Include="lua\lgc.h">
      <Filter>lua</Filter>
    </ClInclude>
    <ClInclude Include="lua\llex.h">
      <Filter>lua</Filter>
    </ClInclude>
    <ClInclude Include="lua\llimits.h">
      <Filter>lua</Filter>
    </ClInclude>
    <ClInclude Include="lua\lmem.h">
      <Filter>lua</Filter>
    </ClInclude>
    <ClInclude Include="lua\lobject.h">
      <Filter>lua</Filter>
    </ClInclude>
    <ClInclude Include="lua\lopcodes.h">
      <Filter>lua</Filter>
    </ClInclude>
    <ClInclude Include="lua\lparser.h">
      <Filter>lua</Filter>
    </ClInclude>
    <ClInclude Include="lua\lprefix.h">
      <Filter>lua</Filter>
    </ClInclude>
    <ClInclude Include="lua\lstate.h">
      <Filter>lua</Filter>
    </ClInclude>
    <ClInclude Include="lua\lstring.h">
      <Filter>lua</Filter>
    </ClInclude>
    <ClInclude Include="lua\ltable.h">
      <Filter>lua</Filter>
    </ClInclude>
    <ClInclude Include="lua\ltm.h">
      <Filter>lua</Filter>
    </ClInclude>
    <ClInclude Include="lua\lua.h">
      <Filter>lua</Filter>
    </ClInclude>
    <ClInclude Include="lua\lua.hpp">
      <Filter>lua</Filter>
    </ClInclude>
    <ClInclude Include="lua\lua_cjson.h">
      <Filter>lua</Filter>
    </ClInclude>
    <ClInclude Include="lua\luaconf.h">
      <Filter>lua</Filter>
    </ClInclude>
    <ClInclude Include="lua\lualib.h">
      <Filter>lua</Filter>
    </ClInclude>
    <ClInclude Include="lua\lundump.h">
      <Filter>lua</Filter>
    </ClInclude>
    <ClInclude Include="lua\lvm.h">
      <Filter>lua</Filter>
    </ClInclude>
    <ClInclude Include="lua\lzio.h">
      <Filter>lua</Filter>
    </ClInclude>
    <ClInclude Include="lua\strbuf.h">
      <Filter>lua</Filter>
    </ClInclude>
    <ClInclude Include="utls.h" />
    <ClInclude Include="utlsImpl.h" />
    <ClInclude Include="balance.h" />
    <ClInclude Include="config.h" />
    <ClInclude Include="dbDict.h" />
    <ClInclude Include="rvo2\Agent.h">
      <Filter>rvo2</Filter>
    </ClInclude>
    <ClInclude Include="rvo2\Definitions.h">
      <Filter>rvo2</Filter>
    </ClInclude>
    <ClInclude Include="rvo2\KdTree.h">
      <Filter>rvo2</Filter>
    </ClInclude>
    <ClInclude Include="rvo2\Obstacle.h">
      <Filter>rvo2</Filter>
    </ClInclude>
    <ClInclude Include="rvo2\RVO.h">
      <Filter>rvo2</Filter>
    </ClInclude>
    <ClInclude Include="rvo2\RVOSimulator.h">
      <Filter>rvo2</Filter>
    </ClInclude>
    <ClInclude Include="rvo2\Vector2.h">
      <Filter>rvo2</Filter>
    </ClInclude>
    <ClInclude Include="aoe\aoe.h">
      <Filter>aoe</Filter>
    </ClInclude>
    <ClInclude Include="bcui\bcui.h">
      <Filter>bcui</Filter>
    </ClInclude>
    <ClInclude Include="luaextra\performance.h">
      <Filter>luaextra</Filter>
    </ClInclude>
    <ClInclude Include="luaextra\summer.h">
      <Filter>luaextra</Filter>
    </ClInclude>
  </ItemGroup>
  <ItemGroup>
    <ClCompile Include="dbAsync.cpp" />
    <ClCompile Include="md5\md5.cpp">
      <Filter>md5</Filter>
    </ClCompile>
    <ClCompile Include="lua\fpconv.c">
      <Filter>lua</Filter>
    </ClCompile>
    <ClCompile Include="lua\lapi.c">
      <Filter>lua</Filter>
    </ClCompile>
    <ClCompile Include="lua\lauxlib.c">
      <Filter>lua</Filter>
    </ClCompile>
    <ClCompile Include="lua\lbaselib.c">
      <Filter>lua</Filter>
    </ClCompile>
    <ClCompile Include="lua\lbitlib.c">
      <Filter>lua</Filter>
    </ClCompile>
    <ClCompile Include="lua\lcode.c">
      <Filter>lua</Filter>
    </ClCompile>
    <ClCompile Include="lua\lcorolib.c">
      <Filter>lua</Filter>
    </ClCompile>
    <ClCompile Include="lua\lctype.c">
      <Filter>lua</Filter>
    </ClCompile>
    <ClCompile Include="lua\ldblib.c">
      <Filter>lua</Filter>
    </ClCompile>
    <ClCompile Include="lua\ldebug.c">
      <Filter>lua</Filter>
    </ClCompile>
    <ClCompile Include="lua\ldo.c">
      <Filter>lua</Filter>
    </ClCompile>
    <ClCompile Include="lua\ldump.c">
      <Filter>lua</Filter>
    </ClCompile>
    <ClCompile Include="lua\lfunc.c">
      <Filter>lua</Filter>
    </ClCompile>
    <ClCompile Include="lua\lgc.c">
      <Filter>lua</Filter>
    </ClCompile>
    <ClCompile Include="lua\linit.c">
      <Filter>lua</Filter>
    </ClCompile>
    <ClCompile Include="lua\liolib.c">
      <Filter>lua</Filter>
    </ClCompile>
    <ClCompile Include="lua\llex.c">
      <Filter>lua</Filter>
    </ClCompile>
    <ClCompile Include="lua\lmathlib.c">
      <Filter>lua</Filter>
    </ClCompile>
    <ClCompile Include="lua\lmem.c">
      <Filter>lua</Filter>
    </ClCompile>
    <ClCompile Include="lua\loadlib.c">
      <Filter>lua</Filter>
    </ClCompile>
    <ClCompile Include="lua\lobject.c">
      <Filter>lua</Filter>
    </ClCompile>
    <ClCompile Include="lua\lopcodes.c">
      <Filter>lua</Filter>
    </ClCompile>
    <ClCompile Include="lua\loslib.c">
      <Filter>lua</Filter>
    </ClCompile>
    <ClCompile Include="lua\lparser.c">
      <Filter>lua</Filter>
    </ClCompile>
    <ClCompile Include="lua\lstate.c">
      <Filter>lua</Filter>
    </ClCompile>
    <ClCompile Include="lua\lstring.c">
      <Filter>lua</Filter>
    </ClCompile>
    <ClCompile Include="lua\lstrlib.c">
      <Filter>lua</Filter>
    </ClCompile>
    <ClCompile Include="lua\ltable.c">
      <Filter>lua</Filter>
    </ClCompile>
    <ClCompile Include="lua\ltablib.c">
      <Filter>lua</Filter>
    </ClCompile>
    <ClCompile Include="lua\ltm.c">
      <Filter>lua</Filter>
    </ClCompile>
    <ClCompile Include="lua\lua_cjson.c">
      <Filter>lua</Filter>
    </ClCompile>
    <ClCompile Include="lua\lundump.c">
      <Filter>lua</Filter>
    </ClCompile>
    <ClCompile Include="lua\lutf8lib.c">
      <Filter>lua</Filter>
    </ClCompile>
    <ClCompile Include="lua\lvm.c">
      <Filter>lua</Filter>
    </ClCompile>
    <ClCompile Include="lua\lzio.c">
      <Filter>lua</Filter>
    </ClCompile>
    <ClCompile Include="lua\strbuf.c">
      <Filter>lua</Filter>
    </ClCompile>
    <ClCompile Include="utls.cpp" />
    <ClCompile Include="config.cpp" />
    <ClCompile Include="dbDict.cpp" />
    <ClCompile Include="rvo2\Agent.cpp">
      <Filter>rvo2</Filter>
    </ClCompile>
    <ClCompile Include="rvo2\KdTree.cpp">
      <Filter>rvo2</Filter>
    </ClCompile>
    <ClCompile Include="rvo2\Obstacle.cpp">
      <Filter>rvo2</Filter>
    </ClCompile>
    <ClCompile Include="rvo2\RVOSimulator.cpp">
      <Filter>rvo2</Filter>
    </ClCompile>
    <ClCompile Include="aoe\aoe.cpp">
      <Filter>aoe</Filter>
    </ClCompile>
    <ClCompile Include="bcui\bcui.cpp">
      <Filter>bcui</Filter>
    </ClCompile>
    <ClCompile Include="luaextra\lproto4z.c">
      <Filter>luaextra</Filter>
    </ClCompile>
    <ClCompile Include="luaextra\performance.cpp">
      <Filter>luaextra</Filter>
    </ClCompile>
    <ClCompile Include="luaextra\summer.cpp">
      <Filter>luaextra</Filter>
    </ClCompile>
  </ItemGroup>
  <ItemGroup>
    <Filter Include="lua">
      <UniqueIdentifier>{6b7a7289-959d-49af-a43f-7448863917d0}</UniqueIdentifier>
    </Filter>
    <Filter Include="md5">
      <UniqueIdentifier>{98f9fd42-664c-4abc-806c-c9dbc104141c}</UniqueIdentifier>
    </Filter>
    <Filter Include="rvo2">
      <UniqueIdentifier>{3250f30c-9078-4fbe-935a-30ba88018f95}</UniqueIdentifier>
    </Filter>
    <Filter Include="aoe">
      <UniqueIdentifier>{5269f94d-299e-45d1-95d9-5ea8abde2429}</UniqueIdentifier>
    </Filter>
    <Filter Include="bcui">
      <UniqueIdentifier>{51b01437-6480-49ae-b3c0-723580e69304}</UniqueIdentifier>
    </Filter>
    <Filter Include="luaextra">
      <UniqueIdentifier>{ff0142ea-70de-456c-acc4-b26acbe98ece}</UniqueIdentifier>
    </Filter>
  </ItemGroup>
</Project>