<?xml version="1.0" encoding="utf-8"?>
<Project ToolsVersion="4.0" xmlns="http://schemas.microsoft.com/developer/msbuild/2003">
  <ItemGroup>
    <Filter Include="main">
      <UniqueIdentifier>{90323d0d-a637-4874-8f5e-bf757167f244}</UniqueIdentifier>
    </Filter>
    <Filter Include="logic">
      <UniqueIdentifier>{f9cdd186-985b-4536-b830-420c0d6f254c}</UniqueIdentifier>
    </Filter>
    <Filter Include="protocol">
      <UniqueIdentifier>{9953ee49-8ac5-4fa8-aa47-0bd06bc7851a}</UniqueIdentifier>
    </Filter>
    <Filter Include="config">
      <UniqueIdentifier>{fffa076f-2d53-440c-b3db-e36ad5907fec}</UniqueIdentifier>
    </Filter>
    <Filter Include="logic\avatarModules">
      <UniqueIdentifier>{7015fc84-fd2e-40a9-895a-571a20611eac}</UniqueIdentifier>
    </Filter>
  </ItemGroup>
  <ItemGroup>
    <ClCompile Include="main.cpp">
      <Filter>main</Filter>
    </ClCompile>
    <ClCompile Include="logic\avatarMgrService.cpp">
      <Filter>logic</Filter>
    </ClCompile>
    <ClCompile Include="logic\avatarService.cpp">
      <Filter>logic</Filter>
    </ClCompile>
    <ClCompile Include="logic\dbService.cpp">
      <Filter>logic</Filter>
    </ClCompile>
    <ClCompile Include="logic\docker.cpp">
      <Filter>logic</Filter>
    </ClCompile>
    <ClCompile Include="logic\module.cpp">
      <Filter>logic</Filter>
    </ClCompile>
    <ClCompile Include="logic\monitorService.cpp">
      <Filter>logic</Filter>
    </ClCompile>
    <ClCompile Include="logic\offlineService.cpp">
      <Filter>logic</Filter>
    </ClCompile>
    <ClCompile Include="logic\service.cpp">
      <Filter>logic</Filter>
    </ClCompile>
    <ClCompile Include="logic\shellService.cpp">
      <Filter>logic</Filter>
    </ClCompile>
    <ClCompile Include="logic\webService.cpp">
      <Filter>logic</Filter>
    </ClCompile>
    <ClCompile Include="logic\avatarModules\sceneModule.cpp">
      <Filter>logic\avatarModules</Filter>
    </ClCompile>
  </ItemGroup>
  <ItemGroup>
    <ClInclude Include="logic\avatarMgrService.h">
      <Filter>logic</Filter>
    </ClInclude>
    <ClInclude Include="logic\avatarService.h">
      <Filter>logic</Filter>
    </ClInclude>
    <ClInclude Include="logic\dbService.h">
      <Filter>logic</Filter>
    </ClInclude>
    <ClInclude Include="logic\docker.h">
      <Filter>logic</Filter>
    </ClInclude>
    <ClInclude Include="logic\module.h">
      <Filter>logic</Filter>
    </ClInclude>
    <ClInclude Include="logic\monitorService.h">
      <Filter>logic</Filter>
    </ClInclude>
    <ClInclude Include="logic\offlineService.h">
      <Filter>logic</Filter>
    </ClInclude>
    <ClInclude Include="logic\service.h">
      <Filter>logic</Filter>
    </ClInclude>
    <ClInclude Include="logic\shellService.h">
      <Filter>logic</Filter>
    </ClInclude>
    <ClInclude Include="logic\webService.h">
      <Filter>logic</Filter>
    </ClInclude>
    <ClInclude Include="logic\avatarModules\sceneModule.h">
      <Filter>logic\avatarModules</Filter>
    </ClInclude>
  </ItemGroup>
  <ItemGroup>
    <Xml Include="..\..\protocol\ProtoCommon.xml">
      <Filter>protocol</Filter>
    </Xml>
    <Xml Include="..\..\protocol\ProtoDBService.xml">
      <Filter>protocol</Filter>
    </Xml>
    <Xml Include="..\..\protocol\ProtoDocker.xml">
      <Filter>protocol</Filter>
    </Xml>
    <Xml Include="..\..\protocol\ProtoUser.xml">
      <Filter>protocol</Filter>
    </Xml>
    <Xml Include="..\..\protocol\ProtoUserMgr.xml">
      <Filter>protocol</Filter>
    </Xml>
    <Xml Include="..\..\protocol\ProtoOffline.xml">
      <Filter>protocol</Filter>
    </Xml>
    <Xml Include="..\..\protocol\ProtoWebAgent.xml">
      <Filter>protocol</Filter>
    </Xml>
    <Xml Include="..\..\protocol\ProtoSpaceClient.xml">
      <Filter>protocol</Filter>
    </Xml>
    <Xml Include="..\..\protocol\ProtoSpaceCommon.xml">
      <Filter>protocol</Filter>
    </Xml>
    <Xml Include="..\..\protocol\ProtoSpaceServer.xml">
      <Filter>protocol</Filter>
    </Xml>
  </ItemGroup>
  <ItemGroup>
    <None Include="..\..\bin\config.lua">
      <Filter>config</Filter>
    </None>
  </ItemGroup>
</Project>