<?xml version="1.0" encoding="utf-8"?>
<Project ToolsVersion="4.0" xmlns="http://schemas.microsoft.com/developer/msbuild/2003">
  <ItemGroup>
    <Filter Include="main">
      <UniqueIdentifier>{90323d0d-a637-4874-8f5e-bf757167f244}</UniqueIdentifier>
    </Filter>
    <Filter Include="logic">
      <UniqueIdentifier>{f9cdd186-985b-4536-b830-420c0d6f254c}</UniqueIdentifier>
    </Filter>
    <Filter Include="config">
      <UniqueIdentifier>{fffa076f-2d53-440c-b3db-e36ad5907fec}</UniqueIdentifier>
    </Filter>
    <Filter Include="lua">
      <UniqueIdentifier>{e32ade0a-c49f-4f0b-8680-61270be7beee}</UniqueIdentifier>
    </Filter>
  </ItemGroup>
  <ItemGroup>
    <ClCompile Include="main.cpp">
      <Filter>main</Filter>
    </ClCompile>
    <ClCompile Include="logic\entity.cpp">
      <Filter>logic</Filter>
    </ClCompile>
    <ClCompile Include="logic\scene.cpp">
      <Filter>logic</Filter>
    </ClCompile>
    <ClCompile Include="logic\sceneMgr.cpp">
      <Filter>logic</Filter>
    </ClCompile>
    <ClCompile Include="logic\move.cpp">
      <Filter>logic</Filter>
    </ClCompile>
    <ClCompile Include="logic\skill.cpp">
      <Filter>logic</Filter>
    </ClCompile>
    <ClCompile Include="logic\ai.cpp">
      <Filter>logic</Filter>
    </ClCompile>
    <ClCompile Include="logic\script.cpp">
      <Filter>logic</Filter>
    </ClCompile>
  </ItemGroup>
  <ItemGroup>
    <None Include="..\..\bin\config.lua">
      <Filter>config</Filter>
    </None>
    <None Include="..\..\bin\script\scene\scene.lua">
      <Filter>lua</Filter>
    </None>
    <None Include="..\..\bin\script\scene\scene_1_0.lua">
      <Filter>lua</Filter>
    </None>
    <None Include="..\..\bin\script\scene\scene_2_0.lua">
      <Filter>lua</Filter>
    </None>
  </ItemGroup>
  <ItemGroup>
    <ClInclude Include="logic\entity.h">
      <Filter>logic</Filter>
    </ClInclude>
    <ClInclude Include="logic\scene.h">
      <Filter>logic</Filter>
    </ClInclude>
    <ClInclude Include="logic\sceneMgr.h">
      <Filter>logic</Filter>
    </ClInclude>
    <ClInclude Include="logic\move.h">
      <Filter>logic</Filter>
    </ClInclude>
    <ClInclude Include="logic\skill.h">
      <Filter>logic</Filter>
    </ClInclude>
    <ClInclude Include="logic\ai.h">
      <Filter>logic</Filter>
    </ClInclude>
    <ClInclude Include="logic\script.h">
      <Filter>logic</Filter>
    </ClInclude>
  </ItemGroup>
</Project>