<?xml version="1.0" encoding="utf-8"?>
<Project ToolsVersion="4.0" xmlns="http://schemas.microsoft.com/developer/msbuild/2003">
  <ItemGroup>
    <Filter Include="main">
      <UniqueIdentifier>{90323d0d-a637-4874-8f5e-bf757167f244}</UniqueIdentifier>
    </Filter>
    <Filter Include="logic">
      <UniqueIdentifier>{f9cdd186-985b-4536-b830-420c0d6f254c}</UniqueIdentifier>
    </Filter>
    <Filter Include="logic\mission">
      <UniqueIdentifier>{6170ecf2-f3d2-4744-94cf-89a0e852dba9}</UniqueIdentifier>
    </Filter>
    <Filter Include="logic\testBlob">
      <UniqueIdentifier>{4e2165f0-cde5-400c-94a4-0c5b8c3f3a56}</UniqueIdentifier>
    </Filter>
    <Filter Include="logic\mail">
      <UniqueIdentifier>{7ac9b94c-1ff0-40b5-95d9-41533880f214}</UniqueIdentifier>
    </Filter>
    <Filter Include="logic\chat">
      <UniqueIdentifier>{d00be9fd-3cd5-4ab8-878c-f5fe675b6e4f}</UniqueIdentifier>
    </Filter>
    <Filter Include="logic\friend">
      <UniqueIdentifier>{a6da4f1a-5fc7-47a2-9877-aa219f626887}</UniqueIdentifier>
    </Filter>
  </ItemGroup>
  <ItemGroup>
    <ClCompile Include="main.cpp">
      <Filter>main</Filter>
    </ClCompile>
    <ClCompile Include="application.cpp">
      <Filter>main</Filter>
    </ClCompile>
    <ClCompile Include="logic\mission\eventTrigger.cpp">
      <Filter>logic\mission</Filter>
    </ClCompile>
    <ClCompile Include="logic\mission\dailyMission.cpp">
      <Filter>logic\mission</Filter>
    </ClCompile>
    <ClCompile Include="logic\testBlob\testBlob.cpp">
      <Filter>logic\testBlob</Filter>
    </ClCompile>
    <ClCompile Include="logic\friend\friend.cpp">
      <Filter>logic\friend</Filter>
    </ClCompile>
    <ClCompile Include="logic\chat\chat.cpp">
      <Filter>logic\chat</Filter>
    </ClCompile>
    <ClCompile Include="logic\netMgr.cpp">
      <Filter>logic</Filter>
    </ClCompile>
    <ClCompile Include="logic\dbMgr.cpp">
      <Filter>logic</Filter>
    </ClCompile>
  </ItemGroup>
  <ItemGroup>
    <ClInclude Include="application.h">
      <Filter>main</Filter>
    </ClInclude>
    <ClInclude Include="logic\mission\eventTrigger.h">
      <Filter>logic\mission</Filter>
    </ClInclude>
    <ClInclude Include="logic\mission\dailyMission.h">
      <Filter>logic\mission</Filter>
    </ClInclude>
    <ClInclude Include="logic\testBlob\testBlob.h">
      <Filter>logic\testBlob</Filter>
    </ClInclude>
    <ClInclude Include="logic\friend\friend.h">
      <Filter>logic\friend</Filter>
    </ClInclude>
    <ClInclude Include="logic\chat\chat.h">
      <Filter>logic\chat</Filter>
    </ClInclude>
    <ClInclude Include="logic\netMgr.h">
      <Filter>logic</Filter>
    </ClInclude>
    <ClInclude Include="logic\dbMgr.h">
      <Filter>logic</Filter>
    </ClInclude>
  </ItemGroup>
</Project>